
Microsoft Visual Studio Solution File, Format Version 12.00
# Visual Studio Version 17
VisualStudioVersion = 17.9.34728.123
MinimumVisualStudioVersion = 10.0.40219.1
Project("{FAE04EC0-301F-11D3-BF4B-00C04F79EFBC}") = "clnbilling", "clnbilling.csproj", "{A86DEE21-A8D1-4A2A-B896-95EC0F9472DD}"
EndProject
Global
	GlobalSection(SolutionConfigurationPlatforms) = preSolution
		Debug|Any CPU = Debug|Any CPU
		Release|Any CPU = Release|Any CPU
	EndGlobalSection
	GlobalSection(ProjectConfigurationPlatforms) = postSolution
		{A86DEE21-A8D1-4A2A-B896-95EC0F9472DD}.Debug|Any CPU.ActiveCfg = Debug|Any CPU
		{A86DEE21-A8D1-4A2A-B896-95EC0F9472DD}.Debug|Any CPU.Build.0 = Debug|Any CPU
		{A86DEE21-A8D1-4A2A-B896-95EC0F9472DD}.Release|Any CPU.ActiveCfg = Release|Any CPU
		{A86DEE21-A8D1-4A2A-B896-95EC0F9472DD}.Release|Any CPU.Build.0 = Release|Any CPU
	EndGlobalSection
	GlobalSection(SolutionProperties) = preSolution
		HideSolutionNode = FALSE
	EndGlobalSection
	GlobalSection(ExtensibilityGlobals) = postSolution
		SolutionGuid = {459FEDE3-F430-402A-8505-9D8102A2742A}
	EndGlobalSection
EndGlobal
